// !$*UTF8*$!
{
	archiveVersion = 1;
	classes = {
	};
	objectVersion = 46;
	objects = {

/* Begin PBXBuildFile section */
		73F0203316B3D53A598DC882 /* Pods_SwiftilityTests.framework in Frameworks */ = {isa = PBXBuildFile; fileRef = 80DF1FD166B7482AAA848529 /* Pods_SwiftilityTests.framework */; };
		9D0A0C701CA439B000DC7335 /* StringExtensionsTests.swift in Sources */ = {isa = PBXBuildFile; fileRef = 9D0A0C6F1CA439B000DC7335 /* StringExtensionsTests.swift */; };
		9D1CEDF51C1ECA2D006A88C8 /* Swiftility.h in Headers */ = {isa = PBXBuildFile; fileRef = 9D1CEDF41C1ECA2D006A88C8 /* Swiftility.h */; settings = {ATTRIBUTES = (Public, ); }; };
		9D1CEDFC1C1ECA2D006A88C8 /* Swiftility.framework in Frameworks */ = {isa = PBXBuildFile; fileRef = 9D1CEDF11C1ECA2D006A88C8 /* Swiftility.framework */; };
		9D1CEE011C1ECA2D006A88C8 /* SwiftilityTests.swift in Sources */ = {isa = PBXBuildFile; fileRef = 9D1CEE001C1ECA2D006A88C8 /* SwiftilityTests.swift */; };
		9D1CEE801C1ECCB2006A88C8 /* GCD.swift in Sources */ = {isa = PBXBuildFile; fileRef = 9D1CEE5B1C1ECCB2006A88C8 /* GCD.swift */; };
		9D1CEE811C1ECCB2006A88C8 /* DeviceInfo.swift in Sources */ = {isa = PBXBuildFile; fileRef = 9D1CEE5C1C1ECCB2006A88C8 /* DeviceInfo.swift */; };
		9D1CEE821C1ECCB2006A88C8 /* ArrayExtensions.swift in Sources */ = {isa = PBXBuildFile; fileRef = 9D1CEE5E1C1ECCB2006A88C8 /* ArrayExtensions.swift */; };
		9D1CEE871C1ECCB2006A88C8 /* UIStoryboard+Extensions.h in Headers */ = {isa = PBXBuildFile; fileRef = 9D1CEE641C1ECCB2006A88C8 /* UIStoryboard+Extensions.h */; settings = {ATTRIBUTES = (Public, ); }; };
		9D1CEE881C1ECCB2006A88C8 /* UIStoryboard+Extensions.m in Sources */ = {isa = PBXBuildFile; fileRef = 9D1CEE651C1ECCB2006A88C8 /* UIStoryboard+Extensions.m */; };
		9D1CEE891C1ECCB2006A88C8 /* UIView+Extensions.h in Headers */ = {isa = PBXBuildFile; fileRef = 9D1CEE661C1ECCB2006A88C8 /* UIView+Extensions.h */; settings = {ATTRIBUTES = (Public, ); }; };
		9D1CEE8A1C1ECCB2006A88C8 /* UIView+Extensions.m in Sources */ = {isa = PBXBuildFile; fileRef = 9D1CEE671C1ECCB2006A88C8 /* UIView+Extensions.m */; };
		9D1CEE8C1C1ECCB2006A88C8 /* StringExtensions.swift in Sources */ = {isa = PBXBuildFile; fileRef = 9D1CEE691C1ECCB2006A88C8 /* StringExtensions.swift */; };
		9D1CEE9E1C1ECCB2006A88C8 /* Dynamic.swift in Sources */ = {isa = PBXBuildFile; fileRef = 9D1CEE7D1C1ECCB2006A88C8 /* Dynamic.swift */; };
		9D1CEE9F1C1ECCB2006A88C8 /* Weak.swift in Sources */ = {isa = PBXBuildFile; fileRef = 9D1CEE7E1C1ECCB2006A88C8 /* Weak.swift */; };
		9D1CEEA01C1ECCB2006A88C8 /* WeakTimer.swift in Sources */ = {isa = PBXBuildFile; fileRef = 9D1CEE7F1C1ECCB2006A88C8 /* WeakTimer.swift */; };
		9D1CEEB21C1ECD64006A88C8 /* NSDateExtensions.swift in Sources */ = {isa = PBXBuildFile; fileRef = 9D1CEEA31C1ECD64006A88C8 /* NSDateExtensions.swift */; };
		9D1CEEB31C1ECD64006A88C8 /* NSNotificationCenterExtensions.swift in Sources */ = {isa = PBXBuildFile; fileRef = 9D1CEEA41C1ECD64006A88C8 /* NSNotificationCenterExtensions.swift */; };
		9D1CEEB41C1ECD64006A88C8 /* UIColorExtensions.swift in Sources */ = {isa = PBXBuildFile; fileRef = 9D1CEEA61C1ECD64006A88C8 /* UIColorExtensions.swift */; };
		9D1CEEB61C1ECD64006A88C8 /* UIImageViewExtensions.swift in Sources */ = {isa = PBXBuildFile; fileRef = 9D1CEEA81C1ECD64006A88C8 /* UIImageViewExtensions.swift */; };
		9D1CEEB71C1ECD64006A88C8 /* SpacingExtensions.swift in Sources */ = {isa = PBXBuildFile; fileRef = 9D1CEEA91C1ECD64006A88C8 /* SpacingExtensions.swift */; };
		9D1CEEB81C1ECD64006A88C8 /* UINavigationBarExtensions.swift in Sources */ = {isa = PBXBuildFile; fileRef = 9D1CEEAA1C1ECD64006A88C8 /* UINavigationBarExtensions.swift */; };
		9D1CEEB91C1ECD64006A88C8 /* UINavigationControllerExtensions.swift in Sources */ = {isa = PBXBuildFile; fileRef = 9D1CEEAB1C1ECD64006A88C8 /* UINavigationControllerExtensions.swift */; };
		9D1CEEBA1C1ECD64006A88C8 /* UINavigationItemExtensions.swift in Sources */ = {isa = PBXBuildFile; fileRef = 9D1CEEAC1C1ECD64006A88C8 /* UINavigationItemExtensions.swift */; };
		9D1CEEBB1C1ECD64006A88C8 /* UIPageViewControllerExtensions.swift in Sources */ = {isa = PBXBuildFile; fileRef = 9D1CEEAD1C1ECD64006A88C8 /* UIPageViewControllerExtensions.swift */; };
		9D1CEEBC1C1ECD64006A88C8 /* UITabBarControllerExtensions.swift in Sources */ = {isa = PBXBuildFile; fileRef = 9D1CEEAE1C1ECD64006A88C8 /* UITabBarControllerExtensions.swift */; };
		9D1CEEBD1C1ECD64006A88C8 /* UIViewControllerExtensions.swift in Sources */ = {isa = PBXBuildFile; fileRef = 9D1CEEAF1C1ECD64006A88C8 /* UIViewControllerExtensions.swift */; };
		9D1CEEBE1C1ECD64006A88C8 /* UIViewExtensions.swift in Sources */ = {isa = PBXBuildFile; fileRef = 9D1CEEB01C1ECD64006A88C8 /* UIViewExtensions.swift */; };
		9D1CEEBF1C1ECD64006A88C8 /* UIWindowExtensions.swift in Sources */ = {isa = PBXBuildFile; fileRef = 9D1CEEB11C1ECD64006A88C8 /* UIWindowExtensions.swift */; };
		9D1CEEC41C1ECD7A006A88C8 /* UIImageEffects.h in Headers */ = {isa = PBXBuildFile; fileRef = 9D1CEEC11C1ECD7A006A88C8 /* UIImageEffects.h */; settings = {ATTRIBUTES = (Public, ); }; };
		9D1CEEC51C1ECD7A006A88C8 /* UIImageEffects.m in Sources */ = {isa = PBXBuildFile; fileRef = 9D1CEEC21C1ECD7A006A88C8 /* UIImageEffects.m */; };
		9D1CEEC61C1ECD7A006A88C8 /* UIImageEffectsExtension.swift in Sources */ = {isa = PBXBuildFile; fileRef = 9D1CEEC31C1ECD7A006A88C8 /* UIImageEffectsExtension.swift */; };
		9D3025801C5E66170063493F /* UITableViewTests.swift in Sources */ = {isa = PBXBuildFile; fileRef = 9D30257F1C5E66170063493F /* UITableViewTests.swift */; };
		9D3025821C5E66960063493F /* TestCell.xib in Resources */ = {isa = PBXBuildFile; fileRef = 9D3025811C5E66960063493F /* TestCell.xib */; };
		9D3025841C5E894E0063493F /* UICollectionViewTests.swift in Sources */ = {isa = PBXBuildFile; fileRef = 9D3025831C5E894E0063493F /* UICollectionViewTests.swift */; };
		9D3025861C5E89B40063493F /* TestCollectionViewCell.xib in Resources */ = {isa = PBXBuildFile; fileRef = 9D3025851C5E89B40063493F /* TestCollectionViewCell.xib */; };
		9D3025881C5EA6630063493F /* NibTests.swift in Sources */ = {isa = PBXBuildFile; fileRef = 9D3025871C5EA6630063493F /* NibTests.swift */; };
		9D30258B1C5EA9F80063493F /* TestNonExistingCell.xib in Resources */ = {isa = PBXBuildFile; fileRef = 9D30258A1C5EA9F80063493F /* TestNonExistingCell.xib */; };
		9D3374B91C5D7B30001DE413 /* MainStoryboard.storyboard in Resources */ = {isa = PBXBuildFile; fileRef = 9D3374B81C5D7B30001DE413 /* MainStoryboard.storyboard */; };
		9D5E9B1F1C40121C008D14B6 /* UIFontExtensions.swift in Sources */ = {isa = PBXBuildFile; fileRef = 9D5E9B1E1C40121C008D14B6 /* UIFontExtensions.swift */; };
		9D95CA831C21B81A005C6B01 /* Regex.swift in Sources */ = {isa = PBXBuildFile; fileRef = 9D95CA821C21B81A005C6B01 /* Regex.swift */; };
		9D95CA851C21BCD9005C6B01 /* Swiftility.podspec in Resources */ = {isa = PBXBuildFile; fileRef = 9D95CA841C21BCD9005C6B01 /* Swiftility.podspec */; };
		9D95CA871C21BF8B005C6B01 /* RegexTests.swift in Sources */ = {isa = PBXBuildFile; fileRef = 9D95CA861C21BF8B005C6B01 /* RegexTests.swift */; };
		9DBD884E1C5ADE6F00A75331 /* Storyboard.swift in Sources */ = {isa = PBXBuildFile; fileRef = 9DBD884D1C5ADE6F00A75331 /* Storyboard.swift */; };
		9DBD88501C5ADEC600A75331 /* UIViewController.swift in Sources */ = {isa = PBXBuildFile; fileRef = 9DBD884F1C5ADEC600A75331 /* UIViewController.swift */; };
		9DBD88521C5ADFD100A75331 /* UIView.swift in Sources */ = {isa = PBXBuildFile; fileRef = 9DBD88511C5ADFD100A75331 /* UIView.swift */; };
		9DBD88541C5AE1DA00A75331 /* UITableView.swift in Sources */ = {isa = PBXBuildFile; fileRef = 9DBD88531C5AE1DA00A75331 /* UITableView.swift */; };
		9DBD88561C5AE29B00A75331 /* UICollectionView.swift in Sources */ = {isa = PBXBuildFile; fileRef = 9DBD88551C5AE29B00A75331 /* UICollectionView.swift */; };
		9DBD88581C5AEA6A00A75331 /* MVVM.swift in Sources */ = {isa = PBXBuildFile; fileRef = 9DBD88571C5AEA6A00A75331 /* MVVM.swift */; };
		9DBD885A1C5AEAA600A75331 /* Nib.swift in Sources */ = {isa = PBXBuildFile; fileRef = 9DBD88591C5AEAA600A75331 /* Nib.swift */; };
		9DD554B71C282EFA0085CA29 /* UIApplicationExtensions.swift in Sources */ = {isa = PBXBuildFile; fileRef = 9DD554B61C282EFA0085CA29 /* UIApplicationExtensions.swift */; };
		9DD8935C1C5E4F5E0083EBFF /* UIViewControllerTests.swift in Sources */ = {isa = PBXBuildFile; fileRef = 9DD8935B1C5E4F5E0083EBFF /* UIViewControllerTests.swift */; };
		9DD8935E1C5E4F740083EBFF /* TypeSafeUIKitTestsCommon.swift in Sources */ = {isa = PBXBuildFile; fileRef = 9DD8935D1C5E4F740083EBFF /* TypeSafeUIKitTestsCommon.swift */; };
		9DD893601C5E51520083EBFF /* StoryboardTests.swift in Sources */ = {isa = PBXBuildFile; fileRef = 9D3374B51C5D7979001DE413 /* StoryboardTests.swift */; };
		9DFF05B21C4D1B35009966FB /* UIScrollViewExtensions.swift in Sources */ = {isa = PBXBuildFile; fileRef = 9DFF05B11C4D1B35009966FB /* UIScrollViewExtensions.swift */; };
/* End PBXBuildFile section */

/* Begin PBXContainerItemProxy section */
		9D1CEDFD1C1ECA2D006A88C8 /* PBXContainerItemProxy */ = {
			isa = PBXContainerItemProxy;
			containerPortal = 9D1CEDE81C1ECA2D006A88C8 /* Project object */;
			proxyType = 1;
			remoteGlobalIDString = 9D1CEDF01C1ECA2D006A88C8;
			remoteInfo = Swiftility;
		};
/* End PBXContainerItemProxy section */

/* Begin PBXFileReference section */
		547385DAAFCC26C95E586651 /* Pods-SwiftilityTests.debug.xcconfig */ = {isa = PBXFileReference; includeInIndex = 1; lastKnownFileType = text.xcconfig; name = "Pods-SwiftilityTests.debug.xcconfig"; path = "Pods/Target Support Files/Pods-SwiftilityTests/Pods-SwiftilityTests.debug.xcconfig"; sourceTree = "<group>"; };
		6D45AEEFCC311C2C516E6343 /* Pods-SwiftilityTests.release.xcconfig */ = {isa = PBXFileReference; includeInIndex = 1; lastKnownFileType = text.xcconfig; name = "Pods-SwiftilityTests.release.xcconfig"; path = "Pods/Target Support Files/Pods-SwiftilityTests/Pods-SwiftilityTests.release.xcconfig"; sourceTree = "<group>"; };
		80DF1FD166B7482AAA848529 /* Pods_SwiftilityTests.framework */ = {isa = PBXFileReference; explicitFileType = wrapper.framework; includeInIndex = 0; path = Pods_SwiftilityTests.framework; sourceTree = BUILT_PRODUCTS_DIR; };
		9D0A0C6F1CA439B000DC7335 /* StringExtensionsTests.swift */ = {isa = PBXFileReference; fileEncoding = 4; lastKnownFileType = sourcecode.swift; path = StringExtensionsTests.swift; sourceTree = "<group>"; };
		9D1CEDF11C1ECA2D006A88C8 /* Swiftility.framework */ = {isa = PBXFileReference; explicitFileType = wrapper.framework; includeInIndex = 0; path = Swiftility.framework; sourceTree = BUILT_PRODUCTS_DIR; };
		9D1CEDF41C1ECA2D006A88C8 /* Swiftility.h */ = {isa = PBXFileReference; lastKnownFileType = sourcecode.c.h; path = Swiftility.h; sourceTree = "<group>"; };
		9D1CEDF61C1ECA2D006A88C8 /* Info.plist */ = {isa = PBXFileReference; lastKnownFileType = text.plist.xml; path = Info.plist; sourceTree = "<group>"; };
		9D1CEDFB1C1ECA2D006A88C8 /* SwiftilityTests.xctest */ = {isa = PBXFileReference; explicitFileType = wrapper.cfbundle; includeInIndex = 0; path = SwiftilityTests.xctest; sourceTree = BUILT_PRODUCTS_DIR; };
		9D1CEE001C1ECA2D006A88C8 /* SwiftilityTests.swift */ = {isa = PBXFileReference; lastKnownFileType = sourcecode.swift; path = SwiftilityTests.swift; sourceTree = "<group>"; };
		9D1CEE021C1ECA2D006A88C8 /* Info.plist */ = {isa = PBXFileReference; lastKnownFileType = text.plist.xml; path = Info.plist; sourceTree = "<group>"; };
		9D1CEE5B1C1ECCB2006A88C8 /* GCD.swift */ = {isa = PBXFileReference; fileEncoding = 4; lastKnownFileType = sourcecode.swift; path = GCD.swift; sourceTree = "<group>"; };
		9D1CEE5C1C1ECCB2006A88C8 /* DeviceInfo.swift */ = {isa = PBXFileReference; fileEncoding = 4; lastKnownFileType = sourcecode.swift; path = DeviceInfo.swift; sourceTree = "<group>"; };
		9D1CEE5E1C1ECCB2006A88C8 /* ArrayExtensions.swift */ = {isa = PBXFileReference; fileEncoding = 4; lastKnownFileType = sourcecode.swift; path = ArrayExtensions.swift; sourceTree = "<group>"; };
		9D1CEE641C1ECCB2006A88C8 /* UIStoryboard+Extensions.h */ = {isa = PBXFileReference; fileEncoding = 4; lastKnownFileType = sourcecode.c.h; path = "UIStoryboard+Extensions.h"; sourceTree = "<group>"; };
		9D1CEE651C1ECCB2006A88C8 /* UIStoryboard+Extensions.m */ = {isa = PBXFileReference; fileEncoding = 4; lastKnownFileType = sourcecode.c.objc; path = "UIStoryboard+Extensions.m"; sourceTree = "<group>"; };
		9D1CEE661C1ECCB2006A88C8 /* UIView+Extensions.h */ = {isa = PBXFileReference; fileEncoding = 4; lastKnownFileType = sourcecode.c.h; path = "UIView+Extensions.h"; sourceTree = "<group>"; };
		9D1CEE671C1ECCB2006A88C8 /* UIView+Extensions.m */ = {isa = PBXFileReference; fileEncoding = 4; lastKnownFileType = sourcecode.c.objc; path = "UIView+Extensions.m"; sourceTree = "<group>"; };
		9D1CEE691C1ECCB2006A88C8 /* StringExtensions.swift */ = {isa = PBXFileReference; fileEncoding = 4; lastKnownFileType = sourcecode.swift; path = StringExtensions.swift; sourceTree = "<group>"; };
		9D1CEE7D1C1ECCB2006A88C8 /* Dynamic.swift */ = {isa = PBXFileReference; fileEncoding = 4; lastKnownFileType = sourcecode.swift; path = Dynamic.swift; sourceTree = "<group>"; };
		9D1CEE7E1C1ECCB2006A88C8 /* Weak.swift */ = {isa = PBXFileReference; fileEncoding = 4; lastKnownFileType = sourcecode.swift; path = Weak.swift; sourceTree = "<group>"; };
		9D1CEE7F1C1ECCB2006A88C8 /* WeakTimer.swift */ = {isa = PBXFileReference; fileEncoding = 4; lastKnownFileType = sourcecode.swift; path = WeakTimer.swift; sourceTree = "<group>"; };
		9D1CEEA31C1ECD64006A88C8 /* NSDateExtensions.swift */ = {isa = PBXFileReference; fileEncoding = 4; lastKnownFileType = sourcecode.swift; path = NSDateExtensions.swift; sourceTree = "<group>"; };
		9D1CEEA41C1ECD64006A88C8 /* NSNotificationCenterExtensions.swift */ = {isa = PBXFileReference; fileEncoding = 4; lastKnownFileType = sourcecode.swift; path = NSNotificationCenterExtensions.swift; sourceTree = "<group>"; };
		9D1CEEA61C1ECD64006A88C8 /* UIColorExtensions.swift */ = {isa = PBXFileReference; fileEncoding = 4; lastKnownFileType = sourcecode.swift; path = UIColorExtensions.swift; sourceTree = "<group>"; };
		9D1CEEA81C1ECD64006A88C8 /* UIImageViewExtensions.swift */ = {isa = PBXFileReference; fileEncoding = 4; lastKnownFileType = sourcecode.swift; path = UIImageViewExtensions.swift; sourceTree = "<group>"; };
		9D1CEEA91C1ECD64006A88C8 /* SpacingExtensions.swift */ = {isa = PBXFileReference; fileEncoding = 4; lastKnownFileType = sourcecode.swift; path = SpacingExtensions.swift; sourceTree = "<group>"; };
		9D1CEEAA1C1ECD64006A88C8 /* UINavigationBarExtensions.swift */ = {isa = PBXFileReference; fileEncoding = 4; lastKnownFileType = sourcecode.swift; path = UINavigationBarExtensions.swift; sourceTree = "<group>"; };
		9D1CEEAB1C1ECD64006A88C8 /* UINavigationControllerExtensions.swift */ = {isa = PBXFileReference; fileEncoding = 4; lastKnownFileType = sourcecode.swift; path = UINavigationControllerExtensions.swift; sourceTree = "<group>"; };
		9D1CEEAC1C1ECD64006A88C8 /* UINavigationItemExtensions.swift */ = {isa = PBXFileReference; fileEncoding = 4; lastKnownFileType = sourcecode.swift; path = UINavigationItemExtensions.swift; sourceTree = "<group>"; };
		9D1CEEAD1C1ECD64006A88C8 /* UIPageViewControllerExtensions.swift */ = {isa = PBXFileReference; fileEncoding = 4; lastKnownFileType = sourcecode.swift; path = UIPageViewControllerExtensions.swift; sourceTree = "<group>"; };
		9D1CEEAE1C1ECD64006A88C8 /* UITabBarControllerExtensions.swift */ = {isa = PBXFileReference; fileEncoding = 4; lastKnownFileType = sourcecode.swift; path = UITabBarControllerExtensions.swift; sourceTree = "<group>"; };
		9D1CEEAF1C1ECD64006A88C8 /* UIViewControllerExtensions.swift */ = {isa = PBXFileReference; fileEncoding = 4; lastKnownFileType = sourcecode.swift; path = UIViewControllerExtensions.swift; sourceTree = "<group>"; };
		9D1CEEB01C1ECD64006A88C8 /* UIViewExtensions.swift */ = {isa = PBXFileReference; fileEncoding = 4; lastKnownFileType = sourcecode.swift; path = UIViewExtensions.swift; sourceTree = "<group>"; };
		9D1CEEB11C1ECD64006A88C8 /* UIWindowExtensions.swift */ = {isa = PBXFileReference; fileEncoding = 4; lastKnownFileType = sourcecode.swift; path = UIWindowExtensions.swift; sourceTree = "<group>"; };
		9D1CEEC11C1ECD7A006A88C8 /* UIImageEffects.h */ = {isa = PBXFileReference; fileEncoding = 4; lastKnownFileType = sourcecode.c.h; path = UIImageEffects.h; sourceTree = "<group>"; };
		9D1CEEC21C1ECD7A006A88C8 /* UIImageEffects.m */ = {isa = PBXFileReference; fileEncoding = 4; lastKnownFileType = sourcecode.c.objc; path = UIImageEffects.m; sourceTree = "<group>"; };
		9D1CEEC31C1ECD7A006A88C8 /* UIImageEffectsExtension.swift */ = {isa = PBXFileReference; fileEncoding = 4; lastKnownFileType = sourcecode.swift; path = UIImageEffectsExtension.swift; sourceTree = "<group>"; };
		9D30257F1C5E66170063493F /* UITableViewTests.swift */ = {isa = PBXFileReference; fileEncoding = 4; lastKnownFileType = sourcecode.swift; path = UITableViewTests.swift; sourceTree = "<group>"; };
		9D3025811C5E66960063493F /* TestCell.xib */ = {isa = PBXFileReference; fileEncoding = 4; lastKnownFileType = file.xib; path = TestCell.xib; sourceTree = "<group>"; };
		9D3025831C5E894E0063493F /* UICollectionViewTests.swift */ = {isa = PBXFileReference; fileEncoding = 4; lastKnownFileType = sourcecode.swift; path = UICollectionViewTests.swift; sourceTree = "<group>"; };
		9D3025851C5E89B40063493F /* TestCollectionViewCell.xib */ = {isa = PBXFileReference; fileEncoding = 4; lastKnownFileType = file.xib; path = TestCollectionViewCell.xib; sourceTree = "<group>"; };
		9D3025871C5EA6630063493F /* NibTests.swift */ = {isa = PBXFileReference; fileEncoding = 4; lastKnownFileType = sourcecode.swift; path = NibTests.swift; sourceTree = "<group>"; };
		9D30258A1C5EA9F80063493F /* TestNonExistingCell.xib */ = {isa = PBXFileReference; fileEncoding = 4; lastKnownFileType = file.xib; path = TestNonExistingCell.xib; sourceTree = "<group>"; };
		9D3374B51C5D7979001DE413 /* StoryboardTests.swift */ = {isa = PBXFileReference; fileEncoding = 4; lastKnownFileType = sourcecode.swift; path = StoryboardTests.swift; sourceTree = "<group>"; };
		9D3374B81C5D7B30001DE413 /* MainStoryboard.storyboard */ = {isa = PBXFileReference; fileEncoding = 4; lastKnownFileType = file.storyboard; path = MainStoryboard.storyboard; sourceTree = "<group>"; };
		9D5E9B1E1C40121C008D14B6 /* UIFontExtensions.swift */ = {isa = PBXFileReference; fileEncoding = 4; lastKnownFileType = sourcecode.swift; path = UIFontExtensions.swift; sourceTree = "<group>"; };
		9D95CA821C21B81A005C6B01 /* Regex.swift */ = {isa = PBXFileReference; fileEncoding = 4; lastKnownFileType = sourcecode.swift; path = Regex.swift; sourceTree = "<group>"; };
		9D95CA841C21BCD9005C6B01 /* Swiftility.podspec */ = {isa = PBXFileReference; fileEncoding = 4; lastKnownFileType = text; path = Swiftility.podspec; sourceTree = SOURCE_ROOT; };
		9D95CA861C21BF8B005C6B01 /* RegexTests.swift */ = {isa = PBXFileReference; fileEncoding = 4; lastKnownFileType = sourcecode.swift; path = RegexTests.swift; sourceTree = "<group>"; };
		9DBD884D1C5ADE6F00A75331 /* Storyboard.swift */ = {isa = PBXFileReference; fileEncoding = 4; lastKnownFileType = sourcecode.swift; path = Storyboard.swift; sourceTree = "<group>"; };
		9DBD884F1C5ADEC600A75331 /* UIViewController.swift */ = {isa = PBXFileReference; fileEncoding = 4; lastKnownFileType = sourcecode.swift; path = UIViewController.swift; sourceTree = "<group>"; };
		9DBD88511C5ADFD100A75331 /* UIView.swift */ = {isa = PBXFileReference; fileEncoding = 4; lastKnownFileType = sourcecode.swift; path = UIView.swift; sourceTree = "<group>"; };
		9DBD88531C5AE1DA00A75331 /* UITableView.swift */ = {isa = PBXFileReference; fileEncoding = 4; lastKnownFileType = sourcecode.swift; path = UITableView.swift; sourceTree = "<group>"; };
		9DBD88551C5AE29B00A75331 /* UICollectionView.swift */ = {isa = PBXFileReference; fileEncoding = 4; lastKnownFileType = sourcecode.swift; path = UICollectionView.swift; sourceTree = "<group>"; };
		9DBD88571C5AEA6A00A75331 /* MVVM.swift */ = {isa = PBXFileReference; fileEncoding = 4; lastKnownFileType = sourcecode.swift; path = MVVM.swift; sourceTree = "<group>"; };
		9DBD88591C5AEAA600A75331 /* Nib.swift */ = {isa = PBXFileReference; fileEncoding = 4; lastKnownFileType = sourcecode.swift; path = Nib.swift; sourceTree = "<group>"; };
		9DD554B61C282EFA0085CA29 /* UIApplicationExtensions.swift */ = {isa = PBXFileReference; fileEncoding = 4; lastKnownFileType = sourcecode.swift; path = UIApplicationExtensions.swift; sourceTree = "<group>"; };
		9DD8935B1C5E4F5E0083EBFF /* UIViewControllerTests.swift */ = {isa = PBXFileReference; fileEncoding = 4; lastKnownFileType = sourcecode.swift; path = UIViewControllerTests.swift; sourceTree = "<group>"; };
		9DD8935D1C5E4F740083EBFF /* TypeSafeUIKitTestsCommon.swift */ = {isa = PBXFileReference; fileEncoding = 4; lastKnownFileType = sourcecode.swift; path = TypeSafeUIKitTestsCommon.swift; sourceTree = "<group>"; };
		9DE377111C6E1FEB00A12A42 /* README.md */ = {isa = PBXFileReference; fileEncoding = 4; lastKnownFileType = net.daringfireball.markdown; name = README.md; path = ../README.md; sourceTree = "<group>"; };
		9DFF05B11C4D1B35009966FB /* UIScrollViewExtensions.swift */ = {isa = PBXFileReference; fileEncoding = 4; lastKnownFileType = sourcecode.swift; path = UIScrollViewExtensions.swift; sourceTree = "<group>"; };
/* End PBXFileReference section */

/* Begin PBXFrameworksBuildPhase section */
		9D1CEDED1C1ECA2D006A88C8 /* Frameworks */ = {
			isa = PBXFrameworksBuildPhase;
			buildActionMask = 2147483647;
			files = (
			);
			runOnlyForDeploymentPostprocessing = 0;
		};
		9D1CEDF81C1ECA2D006A88C8 /* Frameworks */ = {
			isa = PBXFrameworksBuildPhase;
			buildActionMask = 2147483647;
			files = (
				9D1CEDFC1C1ECA2D006A88C8 /* Swiftility.framework in Frameworks */,
				73F0203316B3D53A598DC882 /* Pods_SwiftilityTests.framework in Frameworks */,
			);
			runOnlyForDeploymentPostprocessing = 0;
		};
/* End PBXFrameworksBuildPhase section */

/* Begin PBXGroup section */
		785930338E8FC1E299ECBA06 /* Frameworks */ = {
			isa = PBXGroup;
			children = (
				80DF1FD166B7482AAA848529 /* Pods_SwiftilityTests.framework */,
			);
			name = Frameworks;
			sourceTree = "<group>";
		};
		9D1CEDE71C1ECA2D006A88C8 = {
			isa = PBXGroup;
			children = (
				9D1CEDF31C1ECA2D006A88C8 /* Swiftility */,
				9D1CEDFF1C1ECA2D006A88C8 /* SwiftilityTests */,
				9D1CEDF21C1ECA2D006A88C8 /* Products */,
				C3CD426AABC96B8C755433E3 /* Pods */,
				785930338E8FC1E299ECBA06 /* Frameworks */,
				9D95CA841C21BCD9005C6B01 /* Swiftility.podspec */,
				9DE377111C6E1FEB00A12A42 /* README.md */,
			);
			sourceTree = "<group>";
		};
		9D1CEDF21C1ECA2D006A88C8 /* Products */ = {
			isa = PBXGroup;
			children = (
				9D1CEDF11C1ECA2D006A88C8 /* Swiftility.framework */,
				9D1CEDFB1C1ECA2D006A88C8 /* SwiftilityTests.xctest */,
			);
			name = Products;
			sourceTree = "<group>";
		};
		9D1CEDF31C1ECA2D006A88C8 /* Swiftility */ = {
			isa = PBXGroup;
			children = (
				9D1CEE5A1C1ECCB2006A88C8 /* Classes */,
				9D1CEDF41C1ECA2D006A88C8 /* Swiftility.h */,
				9D1CEDF61C1ECA2D006A88C8 /* Info.plist */,
			);
			path = Swiftility;
			sourceTree = "<group>";
		};
		9D1CEDFF1C1ECA2D006A88C8 /* SwiftilityTests */ = {
			isa = PBXGroup;
			children = (
				9D3374B71C5D7B11001DE413 /* Type Safe UIKIt */,
				9D1CEE001C1ECA2D006A88C8 /* SwiftilityTests.swift */,
				9D0A0C6F1CA439B000DC7335 /* StringExtensionsTests.swift */,
				9D95CA861C21BF8B005C6B01 /* RegexTests.swift */,
				9D1CEE021C1ECA2D006A88C8 /* Info.plist */,
			);
			path = SwiftilityTests;
			sourceTree = "<group>";
		};
		9D1CEE5A1C1ECCB2006A88C8 /* Classes */ = {
			isa = PBXGroup;
			children = (
				9DBD884C1C5ADE6F00A75331 /* Type Safe UIKit */,
				9D1CEE5D1C1ECCB2006A88C8 /* Extensions */,
				9D1CEE7C1C1ECCB2006A88C8 /* Types */,
				9D1CEE5B1C1ECCB2006A88C8 /* GCD.swift */,
				9D1CEE5C1C1ECCB2006A88C8 /* DeviceInfo.swift */,
			);
			path = Classes;
			sourceTree = "<group>";
		};
		9D1CEE5D1C1ECCB2006A88C8 /* Extensions */ = {
			isa = PBXGroup;
			children = (
				9D1CEE611C1ECCB2006A88C8 /* Objc */,
				9D1CEEA21C1ECD64006A88C8 /* Foundation */,
				9D1CEEA51C1ECD64006A88C8 /* UIKit */,
				9D1CEE5E1C1ECCB2006A88C8 /* ArrayExtensions.swift */,
				9D1CEE691C1ECCB2006A88C8 /* StringExtensions.swift */,
			);
			path = Extensions;
			sourceTree = "<group>";
		};
		9D1CEE611C1ECCB2006A88C8 /* Objc */ = {
			isa = PBXGroup;
			children = (
				9D1CEE641C1ECCB2006A88C8 /* UIStoryboard+Extensions.h */,
				9D1CEE651C1ECCB2006A88C8 /* UIStoryboard+Extensions.m */,
				9D1CEE661C1ECCB2006A88C8 /* UIView+Extensions.h */,
				9D1CEE671C1ECCB2006A88C8 /* UIView+Extensions.m */,
			);
			path = Objc;
			sourceTree = "<group>";
		};
		9D1CEE7C1C1ECCB2006A88C8 /* Types */ = {
			isa = PBXGroup;
			children = (
				9D1CEE7D1C1ECCB2006A88C8 /* Dynamic.swift */,
				9D1CEE7E1C1ECCB2006A88C8 /* Weak.swift */,
				9D1CEE7F1C1ECCB2006A88C8 /* WeakTimer.swift */,
				9D95CA821C21B81A005C6B01 /* Regex.swift */,
			);
			path = Types;
			sourceTree = "<group>";
		};
		9D1CEEA21C1ECD64006A88C8 /* Foundation */ = {
			isa = PBXGroup;
			children = (
				9D1CEEA31C1ECD64006A88C8 /* NSDateExtensions.swift */,
				9D1CEEA41C1ECD64006A88C8 /* NSNotificationCenterExtensions.swift */,
			);
			path = Foundation;
			sourceTree = "<group>";
		};
		9D1CEEA51C1ECD64006A88C8 /* UIKit */ = {
			isa = PBXGroup;
			children = (
				9D1CEEC01C1ECD7A006A88C8 /* UIImageEffects */,
				9D1CEEA61C1ECD64006A88C8 /* UIColorExtensions.swift */,
				9D1CEEA81C1ECD64006A88C8 /* UIImageViewExtensions.swift */,
				9D1CEEA91C1ECD64006A88C8 /* SpacingExtensions.swift */,
				9D1CEEAA1C1ECD64006A88C8 /* UINavigationBarExtensions.swift */,
				9D1CEEAB1C1ECD64006A88C8 /* UINavigationControllerExtensions.swift */,
				9D1CEEAC1C1ECD64006A88C8 /* UINavigationItemExtensions.swift */,
				9D1CEEAD1C1ECD64006A88C8 /* UIPageViewControllerExtensions.swift */,
				9D1CEEAE1C1ECD64006A88C8 /* UITabBarControllerExtensions.swift */,
				9D1CEEAF1C1ECD64006A88C8 /* UIViewControllerExtensions.swift */,
				9D1CEEB01C1ECD64006A88C8 /* UIViewExtensions.swift */,
				9D1CEEB11C1ECD64006A88C8 /* UIWindowExtensions.swift */,
				9DD554B61C282EFA0085CA29 /* UIApplicationExtensions.swift */,
				9D5E9B1E1C40121C008D14B6 /* UIFontExtensions.swift */,
				9DFF05B11C4D1B35009966FB /* UIScrollViewExtensions.swift */,
			);
			path = UIKit;
			sourceTree = "<group>";
		};
		9D1CEEC01C1ECD7A006A88C8 /* UIImageEffects */ = {
			isa = PBXGroup;
			children = (
				9D1CEEC11C1ECD7A006A88C8 /* UIImageEffects.h */,
				9D1CEEC21C1ECD7A006A88C8 /* UIImageEffects.m */,
				9D1CEEC31C1ECD7A006A88C8 /* UIImageEffectsExtension.swift */,
			);
			path = UIImageEffects;
			sourceTree = "<group>";
		};
		9D3374B71C5D7B11001DE413 /* Type Safe UIKIt */ = {
			isa = PBXGroup;
			children = (
				9DD8935D1C5E4F740083EBFF /* TypeSafeUIKitTestsCommon.swift */,
				9D3374B51C5D7979001DE413 /* StoryboardTests.swift */,
				9DD8935B1C5E4F5E0083EBFF /* UIViewControllerTests.swift */,
				9D30257F1C5E66170063493F /* UITableViewTests.swift */,
				9D3025831C5E894E0063493F /* UICollectionViewTests.swift */,
				9D3025871C5EA6630063493F /* NibTests.swift */,
				9D3374B81C5D7B30001DE413 /* MainStoryboard.storyboard */,
				9D3025811C5E66960063493F /* TestCell.xib */,
				9D3025851C5E89B40063493F /* TestCollectionViewCell.xib */,
				9D30258A1C5EA9F80063493F /* TestNonExistingCell.xib */,
			);
			name = "Type Safe UIKIt";
			sourceTree = "<group>";
		};
		9DBD884C1C5ADE6F00A75331 /* Type Safe UIKit */ = {
			isa = PBXGroup;
			children = (
				9DBD884D1C5ADE6F00A75331 /* Storyboard.swift */,
				9DBD884F1C5ADEC600A75331 /* UIViewController.swift */,
				9DBD88511C5ADFD100A75331 /* UIView.swift */,
				9DBD88531C5AE1DA00A75331 /* UITableView.swift */,
				9DBD88551C5AE29B00A75331 /* UICollectionView.swift */,
				9DBD88591C5AEAA600A75331 /* Nib.swift */,
				9DBD88571C5AEA6A00A75331 /* MVVM.swift */,
			);
			path = "Type Safe UIKit";
			sourceTree = "<group>";
		};
		C3CD426AABC96B8C755433E3 /* Pods */ = {
			isa = PBXGroup;
			children = (
				547385DAAFCC26C95E586651 /* Pods-SwiftilityTests.debug.xcconfig */,
				6D45AEEFCC311C2C516E6343 /* Pods-SwiftilityTests.release.xcconfig */,
			);
			name = Pods;
			sourceTree = "<group>";
		};
/* End PBXGroup section */

/* Begin PBXHeadersBuildPhase section */
		9D1CEDEE1C1ECA2D006A88C8 /* Headers */ = {
			isa = PBXHeadersBuildPhase;
			buildActionMask = 2147483647;
			files = (
				9D1CEE871C1ECCB2006A88C8 /* UIStoryboard+Extensions.h in Headers */,
				9D1CEE891C1ECCB2006A88C8 /* UIView+Extensions.h in Headers */,
				9D1CEEC41C1ECD7A006A88C8 /* UIImageEffects.h in Headers */,
				9D1CEDF51C1ECA2D006A88C8 /* Swiftility.h in Headers */,
			);
			runOnlyForDeploymentPostprocessing = 0;
		};
/* End PBXHeadersBuildPhase section */

/* Begin PBXNativeTarget section */
		9D1CEDF01C1ECA2D006A88C8 /* Swiftility */ = {
			isa = PBXNativeTarget;
			buildConfigurationList = 9D1CEE051C1ECA2D006A88C8 /* Build configuration list for PBXNativeTarget "Swiftility" */;
			buildPhases = (
				9D1CEDEC1C1ECA2D006A88C8 /* Sources */,
				9D1CEDED1C1ECA2D006A88C8 /* Frameworks */,
				9D1CEDEE1C1ECA2D006A88C8 /* Headers */,
				9D1CEDEF1C1ECA2D006A88C8 /* Resources */,
			);
			buildRules = (
			);
			dependencies = (
			);
			name = Swiftility;
			productName = Swiftility;
			productReference = 9D1CEDF11C1ECA2D006A88C8 /* Swiftility.framework */;
			productType = "com.apple.product-type.framework";
		};
		9D1CEDFA1C1ECA2D006A88C8 /* SwiftilityTests */ = {
			isa = PBXNativeTarget;
			buildConfigurationList = 9D1CEE081C1ECA2D006A88C8 /* Build configuration list for PBXNativeTarget "SwiftilityTests" */;
			buildPhases = (
				0B62CFC42101061A13886FFA /* Check Pods Manifest.lock */,
				9D1CEDF71C1ECA2D006A88C8 /* Sources */,
				9D1CEDF81C1ECA2D006A88C8 /* Frameworks */,
				9D1CEDF91C1ECA2D006A88C8 /* Resources */,
				29EBFB2C27A6DF65910B37F1 /* Embed Pods Frameworks */,
				DF3369027333621ADFEA75EC /* Copy Pods Resources */,
			);
			buildRules = (
			);
			dependencies = (
				9D1CEDFE1C1ECA2D006A88C8 /* PBXTargetDependency */,
			);
			name = SwiftilityTests;
			productName = SwiftilityTests;
			productReference = 9D1CEDFB1C1ECA2D006A88C8 /* SwiftilityTests.xctest */;
			productType = "com.apple.product-type.bundle.unit-test";
		};
/* End PBXNativeTarget section */

/* Begin PBXProject section */
		9D1CEDE81C1ECA2D006A88C8 /* Project object */ = {
			isa = PBXProject;
			attributes = {
				LastSwiftUpdateCheck = 0710;
				LastUpgradeCheck = 0710;
				ORGANIZATIONNAME = "Allan Barbato";
				TargetAttributes = {
					9D1CEDF01C1ECA2D006A88C8 = {
						CreatedOnToolsVersion = 7.1.1;
					};
					9D1CEDFA1C1ECA2D006A88C8 = {
						CreatedOnToolsVersion = 7.1.1;
					};
				};
			};
			buildConfigurationList = 9D1CEDEB1C1ECA2D006A88C8 /* Build configuration list for PBXProject "Swiftility" */;
			compatibilityVersion = "Xcode 3.2";
			developmentRegion = English;
			hasScannedForEncodings = 0;
			knownRegions = (
				en,
			);
			mainGroup = 9D1CEDE71C1ECA2D006A88C8;
			productRefGroup = 9D1CEDF21C1ECA2D006A88C8 /* Products */;
			projectDirPath = "";
			projectRoot = "";
			targets = (
				9D1CEDF01C1ECA2D006A88C8 /* Swiftility */,
				9D1CEDFA1C1ECA2D006A88C8 /* SwiftilityTests */,
			);
		};
/* End PBXProject section */

/* Begin PBXResourcesBuildPhase section */
		9D1CEDEF1C1ECA2D006A88C8 /* Resources */ = {
			isa = PBXResourcesBuildPhase;
			buildActionMask = 2147483647;
			files = (
				9D95CA851C21BCD9005C6B01 /* Swiftility.podspec in Resources */,
			);
			runOnlyForDeploymentPostprocessing = 0;
		};
		9D1CEDF91C1ECA2D006A88C8 /* Resources */ = {
			isa = PBXResourcesBuildPhase;
			buildActionMask = 2147483647;
			files = (
				9D3374B91C5D7B30001DE413 /* MainStoryboard.storyboard in Resources */,
				9D3025821C5E66960063493F /* TestCell.xib in Resources */,
				9D30258B1C5EA9F80063493F /* TestNonExistingCell.xib in Resources */,
				9D3025861C5E89B40063493F /* TestCollectionViewCell.xib in Resources */,
			);
			runOnlyForDeploymentPostprocessing = 0;
		};
/* End PBXResourcesBuildPhase section */

/* Begin PBXShellScriptBuildPhase section */
		0B62CFC42101061A13886FFA /* Check Pods Manifest.lock */ = {
			isa = PBXShellScriptBuildPhase;
			buildActionMask = 2147483647;
			files = (
			);
			inputPaths = (
			);
			name = "Check Pods Manifest.lock";
			outputPaths = (
			);
			runOnlyForDeploymentPostprocessing = 0;
			shellPath = /bin/sh;
			shellScript = "diff \"${PODS_ROOT}/../Podfile.lock\" \"${PODS_ROOT}/Manifest.lock\" > /dev/null\nif [[ $? != 0 ]] ; then\n    cat << EOM\nerror: The sandbox is not in sync with the Podfile.lock. Run 'pod install' or update your CocoaPods installation.\nEOM\n    exit 1\nfi\n";
			showEnvVarsInLog = 0;
		};
		29EBFB2C27A6DF65910B37F1 /* Embed Pods Frameworks */ = {
			isa = PBXShellScriptBuildPhase;
			buildActionMask = 2147483647;
			files = (
			);
			inputPaths = (
			);
			name = "Embed Pods Frameworks";
			outputPaths = (
			);
			runOnlyForDeploymentPostprocessing = 0;
			shellPath = /bin/sh;
			shellScript = "\"${SRCROOT}/Pods/Target Support Files/Pods-SwiftilityTests/Pods-SwiftilityTests-frameworks.sh\"\n";
			showEnvVarsInLog = 0;
		};
		DF3369027333621ADFEA75EC /* Copy Pods Resources */ = {
			isa = PBXShellScriptBuildPhase;
			buildActionMask = 2147483647;
			files = (
			);
			inputPaths = (
			);
			name = "Copy Pods Resources";
			outputPaths = (
			);
			runOnlyForDeploymentPostprocessing = 0;
			shellPath = /bin/sh;
			shellScript = "\"${SRCROOT}/Pods/Target Support Files/Pods-SwiftilityTests/Pods-SwiftilityTests-resources.sh\"\n";
			showEnvVarsInLog = 0;
		};
/* End PBXShellScriptBuildPhase section */

/* Begin PBXSourcesBuildPhase section */
		9D1CEDEC1C1ECA2D006A88C8 /* Sources */ = {
			isa = PBXSourcesBuildPhase;
			buildActionMask = 2147483647;
			files = (
				9DBD88521C5ADFD100A75331 /* UIView.swift in Sources */,
				9DBD88581C5AEA6A00A75331 /* MVVM.swift in Sources */,
				9D1CEEB41C1ECD64006A88C8 /* UIColorExtensions.swift in Sources */,
				9D1CEE801C1ECCB2006A88C8 /* GCD.swift in Sources */,
				9DD554B71C282EFA0085CA29 /* UIApplicationExtensions.swift in Sources */,
				9D1CEE8C1C1ECCB2006A88C8 /* StringExtensions.swift in Sources */,
				9D1CEEB61C1ECD64006A88C8 /* UIImageViewExtensions.swift in Sources */,
				9D1CEEC51C1ECD7A006A88C8 /* UIImageEffects.m in Sources */,
				9D1CEEC61C1ECD7A006A88C8 /* UIImageEffectsExtension.swift in Sources */,
				9D5E9B1F1C40121C008D14B6 /* UIFontExtensions.swift in Sources */,
				9D1CEE8A1C1ECCB2006A88C8 /* UIView+Extensions.m in Sources */,
				9D1CEE9F1C1ECCB2006A88C8 /* Weak.swift in Sources */,
				9D1CEEB91C1ECD64006A88C8 /* UINavigationControllerExtensions.swift in Sources */,
				9D1CEEBA1C1ECD64006A88C8 /* UINavigationItemExtensions.swift in Sources */,
				9D1CEEB31C1ECD64006A88C8 /* NSNotificationCenterExtensions.swift in Sources */,
				9D1CEEBC1C1ECD64006A88C8 /* UITabBarControllerExtensions.swift in Sources */,
				9D1CEEB71C1ECD64006A88C8 /* SpacingExtensions.swift in Sources */,
				9DBD88561C5AE29B00A75331 /* UICollectionView.swift in Sources */,
				9D95CA831C21B81A005C6B01 /* Regex.swift in Sources */,
				9D1CEEBE1C1ECD64006A88C8 /* UIViewExtensions.swift in Sources */,
				9D1CEEBD1C1ECD64006A88C8 /* UIViewControllerExtensions.swift in Sources */,
				9D1CEEB21C1ECD64006A88C8 /* NSDateExtensions.swift in Sources */,
				9DBD884E1C5ADE6F00A75331 /* Storyboard.swift in Sources */,
				9D1CEE821C1ECCB2006A88C8 /* ArrayExtensions.swift in Sources */,
				9D1CEEBB1C1ECD64006A88C8 /* UIPageViewControllerExtensions.swift in Sources */,
				9DBD885A1C5AEAA600A75331 /* Nib.swift in Sources */,
				9D1CEEBF1C1ECD64006A88C8 /* UIWindowExtensions.swift in Sources */,
				9DFF05B21C4D1B35009966FB /* UIScrollViewExtensions.swift in Sources */,
				9D1CEEB81C1ECD64006A88C8 /* UINavigationBarExtensions.swift in Sources */,
				9D1CEEA01C1ECCB2006A88C8 /* WeakTimer.swift in Sources */,
				9D1CEE811C1ECCB2006A88C8 /* DeviceInfo.swift in Sources */,
				9DBD88501C5ADEC600A75331 /* UIViewController.swift in Sources */,
				9DBD88541C5AE1DA00A75331 /* UITableView.swift in Sources */,
				9D1CEE9E1C1ECCB2006A88C8 /* Dynamic.swift in Sources */,
				9D1CEE881C1ECCB2006A88C8 /* UIStoryboard+Extensions.m in Sources */,
			);
			runOnlyForDeploymentPostprocessing = 0;
		};
		9D1CEDF71C1ECA2D006A88C8 /* Sources */ = {
			isa = PBXSourcesBuildPhase;
			buildActionMask = 2147483647;
			files = (
				9D0A0C701CA439B000DC7335 /* StringExtensionsTests.swift in Sources */,
				9DD893601C5E51520083EBFF /* StoryboardTests.swift in Sources */,
				9D1CEE011C1ECA2D006A88C8 /* SwiftilityTests.swift in Sources */,
				9D95CA871C21BF8B005C6B01 /* RegexTests.swift in Sources */,
				9DD8935E1C5E4F740083EBFF /* TypeSafeUIKitTestsCommon.swift in Sources */,
				9D3025801C5E66170063493F /* UITableViewTests.swift in Sources */,
				9D3025841C5E894E0063493F /* UICollectionViewTests.swift in Sources */,
				9D3025881C5EA6630063493F /* NibTests.swift in Sources */,
				9DD8935C1C5E4F5E0083EBFF /* UIViewControllerTests.swift in Sources */,
			);
			runOnlyForDeploymentPostprocessing = 0;
		};
/* End PBXSourcesBuildPhase section */

/* Begin PBXTargetDependency section */
		9D1CEDFE1C1ECA2D006A88C8 /* PBXTargetDependency */ = {
			isa = PBXTargetDependency;
			target = 9D1CEDF01C1ECA2D006A88C8 /* Swiftility */;
			targetProxy = 9D1CEDFD1C1ECA2D006A88C8 /* PBXContainerItemProxy */;
		};
/* End PBXTargetDependency section */

/* Begin XCBuildConfiguration section */
		9D1CEE031C1ECA2D006A88C8 /* Debug */ = {
			isa = XCBuildConfiguration;
			buildSettings = {
				ALWAYS_SEARCH_USER_PATHS = NO;
				CLANG_CXX_LANGUAGE_STANDARD = "gnu++0x";
				CLANG_CXX_LIBRARY = "libc++";
				CLANG_ENABLE_MODULES = YES;
				CLANG_ENABLE_OBJC_ARC = YES;
				CLANG_WARN_BOOL_CONVERSION = YES;
				CLANG_WARN_CONSTANT_CONVERSION = YES;
				CLANG_WARN_DIRECT_OBJC_ISA_USAGE = YES_ERROR;
				CLANG_WARN_EMPTY_BODY = YES;
				CLANG_WARN_ENUM_CONVERSION = YES;
				CLANG_WARN_INT_CONVERSION = YES;
				CLANG_WARN_OBJC_ROOT_CLASS = YES_ERROR;
				CLANG_WARN_UNREACHABLE_CODE = YES;
				CLANG_WARN__DUPLICATE_METHOD_MATCH = YES;
				"CODE_SIGN_IDENTITY[sdk=iphoneos*]" = "iPhone Developer";
				COPY_PHASE_STRIP = NO;
				CURRENT_PROJECT_VERSION = 1;
				DEBUG_INFORMATION_FORMAT = dwarf;
				ENABLE_STRICT_OBJC_MSGSEND = YES;
				ENABLE_TESTABILITY = YES;
				GCC_C_LANGUAGE_STANDARD = gnu99;
				GCC_DYNAMIC_NO_PIC = NO;
				GCC_NO_COMMON_BLOCKS = YES;
				GCC_OPTIMIZATION_LEVEL = 0;
				GCC_PREPROCESSOR_DEFINITIONS = (
					"DEBUG=1",
					"$(inherited)",
				);
				GCC_WARN_64_TO_32_BIT_CONVERSION = YES;
				GCC_WARN_ABOUT_RETURN_TYPE = YES_ERROR;
				GCC_WARN_UNDECLARED_SELECTOR = YES;
				GCC_WARN_UNINITIALIZED_AUTOS = YES_AGGRESSIVE;
				GCC_WARN_UNUSED_FUNCTION = YES;
				GCC_WARN_UNUSED_VARIABLE = YES;
				IPHONEOS_DEPLOYMENT_TARGET = 9.1;
				MTL_ENABLE_DEBUG_INFO = YES;
				ONLY_ACTIVE_ARCH = YES;
				SDKROOT = iphoneos;
				SWIFT_OPTIMIZATION_LEVEL = "-Onone";
				TARGETED_DEVICE_FAMILY = "1,2";
				VERSIONING_SYSTEM = "apple-generic";
				VERSION_INFO_PREFIX = "";
			};
			name = Debug;
		};
		9D1CEE041C1ECA2D006A88C8 /* Release */ = {
			isa = XCBuildConfiguration;
			buildSettings = {
				ALWAYS_SEARCH_USER_PATHS = NO;
				CLANG_CXX_LANGUAGE_STANDARD = "gnu++0x";
				CLANG_CXX_LIBRARY = "libc++";
				CLANG_ENABLE_MODULES = YES;
				CLANG_ENABLE_OBJC_ARC = YES;
				CLANG_WARN_BOOL_CONVERSION = YES;
				CLANG_WARN_CONSTANT_CONVERSION = YES;
				CLANG_WARN_DIRECT_OBJC_ISA_USAGE = YES_ERROR;
				CLANG_WARN_EMPTY_BODY = YES;
				CLANG_WARN_ENUM_CONVERSION = YES;
				CLANG_WARN_INT_CONVERSION = YES;
				CLANG_WARN_OBJC_ROOT_CLASS = YES_ERROR;
				CLANG_WARN_UNREACHABLE_CODE = YES;
				CLANG_WARN__DUPLICATE_METHOD_MATCH = YES;
				"CODE_SIGN_IDENTITY[sdk=iphoneos*]" = "iPhone Developer";
				COPY_PHASE_STRIP = NO;
				CURRENT_PROJECT_VERSION = 1;
				DEBUG_INFORMATION_FORMAT = "dwarf-with-dsym";
				ENABLE_NS_ASSERTIONS = NO;
				ENABLE_STRICT_OBJC_MSGSEND = YES;
				GCC_C_LANGUAGE_STANDARD = gnu99;
				GCC_NO_COMMON_BLOCKS = YES;
				GCC_WARN_64_TO_32_BIT_CONVERSION = YES;
				GCC_WARN_ABOUT_RETURN_TYPE = YES_ERROR;
				GCC_WARN_UNDECLARED_SELECTOR = YES;
				GCC_WARN_UNINITIALIZED_AUTOS = YES_AGGRESSIVE;
				GCC_WARN_UNUSED_FUNCTION = YES;
				GCC_WARN_UNUSED_VARIABLE = YES;
				IPHONEOS_DEPLOYMENT_TARGET = 9.1;
				MTL_ENABLE_DEBUG_INFO = NO;
				SDKROOT = iphoneos;
				TARGETED_DEVICE_FAMILY = "1,2";
				VALIDATE_PRODUCT = YES;
				VERSIONING_SYSTEM = "apple-generic";
				VERSION_INFO_PREFIX = "";
			};
			name = Release;
		};
		9D1CEE061C1ECA2D006A88C8 /* Debug */ = {
			isa = XCBuildConfiguration;
			buildSettings = {
				DEFINES_MODULE = YES;
				DYLIB_COMPATIBILITY_VERSION = 1;
				DYLIB_CURRENT_VERSION = 1;
				DYLIB_INSTALL_NAME_BASE = "@rpath";
				INFOPLIST_FILE = Swiftility/Info.plist;
				INSTALL_PATH = "$(LOCAL_LIBRARY_DIR)/Frameworks";
				IPHONEOS_DEPLOYMENT_TARGET = 8.0;
				LD_RUNPATH_SEARCH_PATHS = "$(inherited) @executable_path/Frameworks @loader_path/Frameworks";
				PRODUCT_BUNDLE_IDENTIFIER = com.allbto.Swiftility;
				PRODUCT_NAME = "$(TARGET_NAME)";
				SKIP_INSTALL = YES;
			};
			name = Debug;
		};
		9D1CEE071C1ECA2D006A88C8 /* Release */ = {
			isa = XCBuildConfiguration;
			buildSettings = {
				DEFINES_MODULE = YES;
				DYLIB_COMPATIBILITY_VERSION = 1;
				DYLIB_CURRENT_VERSION = 1;
				DYLIB_INSTALL_NAME_BASE = "@rpath";
				INFOPLIST_FILE = Swiftility/Info.plist;
				INSTALL_PATH = "$(LOCAL_LIBRARY_DIR)/Frameworks";
				IPHONEOS_DEPLOYMENT_TARGET = 8.0;
				LD_RUNPATH_SEARCH_PATHS = "$(inherited) @executable_path/Frameworks @loader_path/Frameworks";
				PRODUCT_BUNDLE_IDENTIFIER = com.allbto.Swiftility;
				PRODUCT_NAME = "$(TARGET_NAME)";
				SKIP_INSTALL = YES;
			};
			name = Release;
		};
		9D1CEE091C1ECA2D006A88C8 /* Debug */ = {
			isa = XCBuildConfiguration;
			baseConfigurationReference = 547385DAAFCC26C95E586651 /* Pods-SwiftilityTests.debug.xcconfig */;
			buildSettings = {
				INFOPLIST_FILE = SwiftilityTests/Info.plist;
				LD_RUNPATH_SEARCH_PATHS = "$(inherited) @executable_path/Frameworks @loader_path/Frameworks";
				PRODUCT_BUNDLE_IDENTIFIER = com.allbto.SwiftilityTests;
				PRODUCT_NAME = "$(TARGET_NAME)";
			};
			name = Debug;
		};
		9D1CEE0A1C1ECA2D006A88C8 /* Release */ = {
			isa = XCBuildConfiguration;
			baseConfigurationReference = 6D45AEEFCC311C2C516E6343 /* Pods-SwiftilityTests.release.xcconfig */;
			buildSettings = {
				INFOPLIST_FILE = SwiftilityTests/Info.plist;
				LD_RUNPATH_SEARCH_PATHS = "$(inherited) @executable_path/Frameworks @loader_path/Frameworks";
				PRODUCT_BUNDLE_IDENTIFIER = com.allbto.SwiftilityTests;
				PRODUCT_NAME = "$(TARGET_NAME)";
			};
			name = Release;
		};
/* End XCBuildConfiguration section */

/* Begin XCConfigurationList section */
		9D1CEDEB1C1ECA2D006A88C8 /* Build configuration list for PBXProject "Swiftility" */ = {
			isa = XCConfigurationList;
			buildConfigurations = (
				9D1CEE031C1ECA2D006A88C8 /* Debug */,
				9D1CEE041C1ECA2D006A88C8 /* Release */,
			);
			defaultConfigurationIsVisible = 0;
			defaultConfigurationName = Release;
		};
		9D1CEE051C1ECA2D006A88C8 /* Build configuration list for PBXNativeTarget "Swiftility" */ = {
			isa = XCConfigurationList;
			buildConfigurations = (
				9D1CEE061C1ECA2D006A88C8 /* Debug */,
				9D1CEE071C1ECA2D006A88C8 /* Release */,
			);
			defaultConfigurationIsVisible = 0;
			defaultConfigurationName = Release;
		};
		9D1CEE081C1ECA2D006A88C8 /* Build configuration list for PBXNativeTarget "SwiftilityTests" */ = {
			isa = XCConfigurationList;
			buildConfigurations = (
				9D1CEE091C1ECA2D006A88C8 /* Debug */,
				9D1CEE0A1C1ECA2D006A88C8 /* Release */,
			);
			defaultConfigurationIsVisible = 0;
			defaultConfigurationName = Release;
		};
/* End XCConfigurationList section */
	};
	rootObject = 9D1CEDE81C1ECA2D006A88C8 /* Project object */;
}
